
Microsoft Visual Studio Solution File, Format Version 12.00
# Visual Studio 15
VisualStudioVersion = 15.0.27004.2006
MinimumVisualStudioVersion = 10.0.40219.1
Project("{FAE04EC0-301F-11D3-BF4B-00C04F79EFBC}") = "GeneratorGroupOfPeople", "GeneratorGroupOfPeople\GeneratorGroupOfPeople.csproj", "{23AF8BE1-7063-4D41-A441-6B379532CB72}"
EndProject
Global
	GlobalSection(SolutionConfigurationPlatforms) = preSolution
		Debug|Any CPU = Debug|Any CPU
		Release|Any CPU = Release|Any CPU
	EndGlobalSection
	GlobalSection(ProjectConfigurationPlatforms) = postSolution
		{23AF8BE1-7063-4D41-A441-6B379532CB72}.Debug|Any CPU.ActiveCfg = Debug|Any CPU
		{23AF8BE1-7063-4D41-A441-6B379532CB72}.Debug|Any CPU.Build.0 = Debug|Any CPU
		{23AF8BE1-7063-4D41-A441-6B379532CB72}.Release|Any CPU.ActiveCfg = Release|Any CPU
		{23AF8BE1-7063-4D41-A441-6B379532CB72}.Release|Any CPU.Build.0 = Release|Any CPU
	EndGlobalSection
	GlobalSection(SolutionProperties) = preSolution
		HideSolutionNode = FALSE
	EndGlobalSection
	GlobalSection(ExtensibilityGlobals) = postSolution
		SolutionGuid = {4479E4E5-F2E1-4BEC-A847-34FAC3ED5F98}
	EndGlobalSection
EndGlobal
